
Microsoft Visual Studio Solution File, Format Version 12.00
# Visual Studio Version 17
VisualStudioVersion = 17.14.36203.30 d17.14
MinimumVisualStudioVersion = 10.0.40219.1
Project("{FAE04EC0-301F-11D3-BF4B-00C04F79EFBC}") = "Zeugnisnoten-Verwaltung", "Zeugnisnoten-Verwaltung\Zeugnisnoten-Verwaltung.csproj", "{F9091BD7-0980-4702-B061-F88A666CDE03}"
EndProject
Global
	GlobalSection(SolutionConfigurationPlatforms) = preSolution
		Debug|Any CPU = Debug|Any CPU
		Release|Any CPU = Release|Any CPU
	EndGlobalSection
	GlobalSection(ProjectConfigurationPlatforms) = postSolution
		{F9091BD7-0980-4702-B061-F88A666CDE03}.Debug|Any CPU.ActiveCfg = Debug|Any CPU
		{F9091BD7-0980-4702-B061-F88A666CDE03}.Debug|Any CPU.Build.0 = Debug|Any CPU
		{F9091BD7-0980-4702-B061-F88A666CDE03}.Release|Any CPU.ActiveCfg = Release|Any CPU
		{F9091BD7-0980-4702-B061-F88A666CDE03}.Release|Any CPU.Build.0 = Release|Any CPU
	EndGlobalSection
	GlobalSection(SolutionProperties) = preSolution
		HideSolutionNode = FALSE
	EndGlobalSection
	GlobalSection(ExtensibilityGlobals) = postSolution
		SolutionGuid = {DE151FC6-0FD5-4450-92E7-0CB787EA7992}
	EndGlobalSection
EndGlobal
